{
  "name": "Chinese-Chess",
  "lockfileVersion": 2,
  "requires": true,
  "packages": {
    "": {
      "dependencies": {
        "@tabler/icons": "^2.39.0"
      }
    },
    "node_modules/@tabler/icons": {
      "version": "2.39.0",
      "resolved": "https://registry.npmjs.org/@tabler/icons/-/icons-2.39.0.tgz",
      "integrity": "sha512-iK3j2jIEGIUaJcbYYg5iwyG1Y/m4lzUxAUbxRpvgeXCWP29jvZaH5hajZmU3KaSealddHuJg7PSQislPHpCsoQ==",
      "funding": {
        "type": "github",
        "url": "https://github.com/sponsors/codecalm"
      }
    }
  },
  "dependencies": {
    "@tabler/icons": {
      "version": "2.39.0",
      "resolved": "https://registry.npmjs.org/@tabler/icons/-/icons-2.39.0.tgz",
      "integrity": "sha512-iK3j2jIEGIUaJcbYYg5iwyG1Y/m4lzUxAUbxRpvgeXCWP29jvZaH5hajZmU3KaSealddHuJg7PSQislPHpCsoQ=="
    }
  }
}
